
Microsoft Visual Studio Solution File, Format Version 11.00
# Visual Studio 2010
Project("{FAE04EC0-301F-11D3-BF4B-00C04F79EFBC}") = "Samples", "Samples.csproj", "{2C326EA9-55E1-44FF-BDCC-38A84DD1E8F6}"
EndProject
Global
	GlobalSection(SolutionConfigurationPlatforms) = preSolution
		Debug|iPhoneSimulator = Debug|iPhoneSimulator
		Release|iPhoneSimulator = Release|iPhoneSimulator
		Debug|iPhone = Debug|iPhone
		Release|iPhone = Release|iPhone
	EndGlobalSection
	GlobalSection(ProjectConfigurationPlatforms) = postSolution
		{2C326EA9-55E1-44FF-BDCC-38A84DD1E8F6}.Debug|iPhone.ActiveCfg = Debug|iPhone
		{2C326EA9-55E1-44FF-BDCC-38A84DD1E8F6}.Debug|iPhone.Build.0 = Debug|iPhone
		{2C326EA9-55E1-44FF-BDCC-38A84DD1E8F6}.Debug|iPhoneSimulator.ActiveCfg = Debug|iPhoneSimulator
		{2C326EA9-55E1-44FF-BDCC-38A84DD1E8F6}.Debug|iPhoneSimulator.Build.0 = Debug|iPhoneSimulator
		{2C326EA9-55E1-44FF-BDCC-38A84DD1E8F6}.Release|iPhone.ActiveCfg = Release|iPhone
		{2C326EA9-55E1-44FF-BDCC-38A84DD1E8F6}.Release|iPhone.Build.0 = Release|iPhone
		{2C326EA9-55E1-44FF-BDCC-38A84DD1E8F6}.Release|iPhoneSimulator.ActiveCfg = Release|iPhoneSimulator
		{2C326EA9-55E1-44FF-BDCC-38A84DD1E8F6}.Release|iPhoneSimulator.Build.0 = Release|iPhoneSimulator
	EndGlobalSection
	GlobalSection(MonoDevelopProperties) = preSolution
		StartupItem = Samples.csproj
	EndGlobalSection
EndGlobal
